
Microsoft Visual Studio Solution File, Format Version 12.00
# Visual Studio Version 16
VisualStudioVersion = 16.0.29613.14
MinimumVisualStudioVersion = 10.0.40219.1
Project("{9A19103F-16F7-4668-BE54-9A1E7A4F7556}") = "blazor-app-01", "blazor-app-01.csproj", "{5CC53ED5-8910-44CD-B090-497C027D9A8A}"
EndProject
Global
	GlobalSection(SolutionConfigurationPlatforms) = preSolution
		Debug|Any CPU = Debug|Any CPU
		Release|Any CPU = Release|Any CPU
	EndGlobalSection
	GlobalSection(ProjectConfigurationPlatforms) = postSolution
		{5CC53ED5-8910-44CD-B090-497C027D9A8A}.Debug|Any CPU.ActiveCfg = Debug|Any CPU
		{5CC53ED5-8910-44CD-B090-497C027D9A8A}.Debug|Any CPU.Build.0 = Debug|Any CPU
		{5CC53ED5-8910-44CD-B090-497C027D9A8A}.Release|Any CPU.ActiveCfg = Release|Any CPU
		{5CC53ED5-8910-44CD-B090-497C027D9A8A}.Release|Any CPU.Build.0 = Release|Any CPU
	EndGlobalSection
	GlobalSection(SolutionProperties) = preSolution
		HideSolutionNode = FALSE
	EndGlobalSection
	GlobalSection(ExtensibilityGlobals) = postSolution
		SolutionGuid = {AA241178-4F39-4E67-9F70-5F16D4EE955D}
	EndGlobalSection
EndGlobal
